
Microsoft Visual Studio Solution File, Format Version 12.00
# Visual Studio Version 16
VisualStudioVersion = 16.0.30413.136
MinimumVisualStudioVersion = 10.0.40219.1
Project("{FAE04EC0-301F-11D3-BF4B-00C04F79EFBC}") = "MSMBackend", "MSMBackend.csproj", "{FFCEF69D-C6E8-49FD-93E7-7B542CC7C714}"
EndProject
Global
	GlobalSection(SolutionConfigurationPlatforms) = preSolution
		Debug|Any CPU = Debug|Any CPU
		Release|Any CPU = Release|Any CPU
	EndGlobalSection
	GlobalSection(ProjectConfigurationPlatforms) = postSolution
		{FFCEF69D-C6E8-49FD-93E7-7B542CC7C714}.Debug|Any CPU.ActiveCfg = Debug|Any CPU
		{FFCEF69D-C6E8-49FD-93E7-7B542CC7C714}.Debug|Any CPU.Build.0 = Debug|Any CPU
		{FFCEF69D-C6E8-49FD-93E7-7B542CC7C714}.Release|Any CPU.ActiveCfg = Release|Any CPU
		{FFCEF69D-C6E8-49FD-93E7-7B542CC7C714}.Release|Any CPU.Build.0 = Release|Any CPU
	EndGlobalSection
	GlobalSection(SolutionProperties) = preSolution
		HideSolutionNode = FALSE
	EndGlobalSection
	GlobalSection(ExtensibilityGlobals) = postSolution
		SolutionGuid = {8DEDF4DC-1581-4017-BCF3-BCC8E421709C}
	EndGlobalSection
EndGlobal
